
Microsoft Visual Studio Solution File, Format Version 12.00
# Visual Studio Version 16
VisualStudioVersion = 16.0.31019.35
MinimumVisualStudioVersion = 10.0.40219.1
Project("{FAE04EC0-301F-11D3-BF4B-00C04F79EFBC}") = "Doan", "Doan\Doan.csproj", "{2125C224-C55B-4B29-AABB-42EE67197632}"
EndProject
Global
	GlobalSection(SolutionConfigurationPlatforms) = preSolution
		Debug|Any CPU = Debug|Any CPU
		Release|Any CPU = Release|Any CPU
	EndGlobalSection
	GlobalSection(ProjectConfigurationPlatforms) = postSolution
		{2125C224-C55B-4B29-AABB-42EE67197632}.Debug|Any CPU.ActiveCfg = Debug|Any CPU
		{2125C224-C55B-4B29-AABB-42EE67197632}.Debug|Any CPU.Build.0 = Debug|Any CPU
		{2125C224-C55B-4B29-AABB-42EE67197632}.Release|Any CPU.ActiveCfg = Release|Any CPU
		{2125C224-C55B-4B29-AABB-42EE67197632}.Release|Any CPU.Build.0 = Release|Any CPU
	EndGlobalSection
	GlobalSection(SolutionProperties) = preSolution
		HideSolutionNode = FALSE
	EndGlobalSection
	GlobalSection(ExtensibilityGlobals) = postSolution
		SolutionGuid = {0A1BE13B-7C53-4E2C-8CCD-48E058074CF1}
	EndGlobalSection
EndGlobal
